
Microsoft Visual Studio Solution File, Format Version 12.00
# Visual Studio Version 17
VisualStudioVersion = 17.12.35527.113
MinimumVisualStudioVersion = 10.0.40219.1
Project("{9A19103F-16F7-4668-BE54-9A1E7A4F7556}") = "PAR.PartsGrabber", "PAR.PartsGrabber.csproj", "{5A4B3EB5-6CDC-4AD0-A6E3-D1773EF69A85}"
EndProject
Project("{9A19103F-16F7-4668-BE54-9A1E7A4F7556}") = "KameraData", "..\2_KameraData\KameraData.csproj", "{16D060F0-95F0-4DC6-AA30-8FA38DF5F117}"
EndProject
Project("{9A19103F-16F7-4668-BE54-9A1E7A4F7556}") = "PAR.ParseLib", "..\PAR.ParseLib-main\PAR.ParseLib.csproj", "{56F9D4C9-C8F1-4333-99AD-46E40914A4F8}"
EndProject
Global
	GlobalSection(SolutionConfigurationPlatforms) = preSolution
		Debug|Any CPU = Debug|Any CPU
		Release|Any CPU = Release|Any CPU
	EndGlobalSection
	GlobalSection(ProjectConfigurationPlatforms) = postSolution
		{5A4B3EB5-6CDC-4AD0-A6E3-D1773EF69A85}.Debug|Any CPU.ActiveCfg = Debug|Any CPU
		{5A4B3EB5-6CDC-4AD0-A6E3-D1773EF69A85}.Debug|Any CPU.Build.0 = Debug|Any CPU
		{5A4B3EB5-6CDC-4AD0-A6E3-D1773EF69A85}.Release|Any CPU.ActiveCfg = Release|Any CPU
		{5A4B3EB5-6CDC-4AD0-A6E3-D1773EF69A85}.Release|Any CPU.Build.0 = Release|Any CPU
		{16D060F0-95F0-4DC6-AA30-8FA38DF5F117}.Debug|Any CPU.ActiveCfg = Debug|Any CPU
		{16D060F0-95F0-4DC6-AA30-8FA38DF5F117}.Debug|Any CPU.Build.0 = Debug|Any CPU
		{16D060F0-95F0-4DC6-AA30-8FA38DF5F117}.Release|Any CPU.ActiveCfg = Release|Any CPU
		{16D060F0-95F0-4DC6-AA30-8FA38DF5F117}.Release|Any CPU.Build.0 = Release|Any CPU
		{56F9D4C9-C8F1-4333-99AD-46E40914A4F8}.Debug|Any CPU.ActiveCfg = Debug|Any CPU
		{56F9D4C9-C8F1-4333-99AD-46E40914A4F8}.Debug|Any CPU.Build.0 = Debug|Any CPU
		{56F9D4C9-C8F1-4333-99AD-46E40914A4F8}.Release|Any CPU.ActiveCfg = Release|Any CPU
		{56F9D4C9-C8F1-4333-99AD-46E40914A4F8}.Release|Any CPU.Build.0 = Release|Any CPU
	EndGlobalSection
	GlobalSection(SolutionProperties) = preSolution
		HideSolutionNode = FALSE
	EndGlobalSection
EndGlobal
